
Microsoft Visual Studio Solution File, Format Version 12.00
# Visual Studio 15
Project("{FAE04EC0-301F-11D3-BF4B-00C04F79EFBC}") = "Unity.ThirdParty", "Unity.ThirdParty.csproj", "{F5BDC1E3-2613-33CD-0D2C-6136F1BB5EDB}"
EndProject
Project("{FAE04EC0-301F-11D3-BF4B-00C04F79EFBC}") = "Unity.Model", "Unity.Model.csproj", "{40CB902F-E188-A165-5C98-10ABF6513EC2}"
EndProject
Project("{FAE04EC0-301F-11D3-BF4B-00C04F79EFBC}") = "Unity.Hotfix", "Unity.Hotfix.csproj", "{EABBDD90-B5DD-6B8A-E8E1-19C6C35D042B}"
EndProject
Global
	GlobalSection(SolutionConfigurationPlatforms) = preSolution
		Debug|Any CPU = Debug|Any CPU
		Release|Any CPU = Release|Any CPU
	EndGlobalSection
	GlobalSection(ProjectConfigurationPlatforms) = postSolution
		{F5BDC1E3-2613-33CD-0D2C-6136F1BB5EDB}.Debug|Any CPU.ActiveCfg = Debug|Any CPU
		{F5BDC1E3-2613-33CD-0D2C-6136F1BB5EDB}.Debug|Any CPU.Build.0 = Debug|Any CPU
		{F5BDC1E3-2613-33CD-0D2C-6136F1BB5EDB}.Release|Any CPU.ActiveCfg = Release|Any CPU
		{F5BDC1E3-2613-33CD-0D2C-6136F1BB5EDB}.Release|Any CPU.Build.0 = Release|Any CPU
		{40CB902F-E188-A165-5C98-10ABF6513EC2}.Debug|Any CPU.ActiveCfg = Debug|Any CPU
		{40CB902F-E188-A165-5C98-10ABF6513EC2}.Debug|Any CPU.Build.0 = Debug|Any CPU
		{40CB902F-E188-A165-5C98-10ABF6513EC2}.Release|Any CPU.ActiveCfg = Release|Any CPU
		{40CB902F-E188-A165-5C98-10ABF6513EC2}.Release|Any CPU.Build.0 = Release|Any CPU
		{EABBDD90-B5DD-6B8A-E8E1-19C6C35D042B}.Debug|Any CPU.ActiveCfg = Debug|Any CPU
		{EABBDD90-B5DD-6B8A-E8E1-19C6C35D042B}.Debug|Any CPU.Build.0 = Debug|Any CPU
		{EABBDD90-B5DD-6B8A-E8E1-19C6C35D042B}.Release|Any CPU.ActiveCfg = Release|Any CPU
		{EABBDD90-B5DD-6B8A-E8E1-19C6C35D042B}.Release|Any CPU.Build.0 = Release|Any CPU
	EndGlobalSection
	GlobalSection(SolutionProperties) = preSolution
		HideSolutionNode = FALSE
	EndGlobalSection
EndGlobal
